
Microsoft Visual Studio Solution File, Format Version 12.00
# Visual Studio 14
VisualStudioVersion = 14.0.25420.1
MinimumVisualStudioVersion = 10.0.40219.1
Project("{FAE04EC0-301F-11D3-BF4B-00C04F79EFBC}") = "LuaCP.Core", "src\LuaCP.Core\LuaCP.Core.csproj", "{9E0538BF-B68A-463F-8067-4621AEB2363E}"
EndProject
Project("{FAE04EC0-301F-11D3-BF4B-00C04F79EFBC}") = "LuaCP.Parser.Extensions", "src\LuaCP.Parser.Extensions\LuaCP.Parser.Extensions.csproj", "{A56ABC74-157D-4BDA-A447-DDA1EEDAEA25}"
EndProject
Project("{2150E333-8FDC-42A3-9474-1A3956D46DE8}") = "Lua", "Lua", "{708D21DA-BEB2-441B-9A9D-0852FD9BF030}"
EndProject
Project("{F2A71F9B-5D33-465A-A702-920D77279786}") = "LuaCP.Lua.Parser", "src\LuaCP.Lua.Parser\LuaCP.Lua.Parser.fsproj", "{BB059E0A-6FF0-482C-BDC6-3970A56916C9}"
EndProject
Project("{FAE04EC0-301F-11D3-BF4B-00C04F79EFBC}") = "LuaCP.Lua.Tree", "src\LuaCP.Lua.Tree\LuaCP.Lua.Tree.csproj", "{4A2E8F61-88B2-4DE5-A4B9-E0B929CEEEFA}"
EndProject
Project("{FAE04EC0-301F-11D3-BF4B-00C04F79EFBC}") = "LuaCP.CodeGen", "src\LuaCP.CodeGen\LuaCP.CodeGen.csproj", "{6FB5CD12-7D50-4C94-806C-6A2881C194F2}"
EndProject
Project("{F2A71F9B-5D33-465A-A702-920D77279786}") = "LuaCP.FSharp", "src\LuaCP.FSharp\LuaCP.FSharp.fsproj", "{020F1454-9CE4-4A9A-BCA8-BC3F74307DDD}"
EndProject
Project("{F2A71F9B-5D33-465A-A702-920D77279786}") = "LuaCP.Test", "src\LuaCP.Test\LuaCP.Test.fsproj", "{96055562-AE1E-475D-B7E3-0501251D0F6D}"
EndProject
Project("{F2A71F9B-5D33-465A-A702-920D77279786}") = "LuaCP.CLI", "src\LuaCP.CLI\LuaCP.CLI.fsproj", "{821787D2-46C0-49B4-864B-34CC253F4ECE}"
EndProject
Project("{F2A71F9B-5D33-465A-A702-920D77279786}") = "LuaCP.Parser", "src\LuaCP.Parser\LuaCP.Parser.fsproj", "{4414AA84-0B38-445F-929C-C84BBEF7AEAE}"
EndProject
Global
	GlobalSection(SolutionConfigurationPlatforms) = preSolution
		Debug|Any CPU = Debug|Any CPU
		Release|Any CPU = Release|Any CPU
	EndGlobalSection
	GlobalSection(ProjectConfigurationPlatforms) = postSolution
		{9E0538BF-B68A-463F-8067-4621AEB2363E}.Debug|Any CPU.ActiveCfg = Debug|Any CPU
		{9E0538BF-B68A-463F-8067-4621AEB2363E}.Debug|Any CPU.Build.0 = Debug|Any CPU
		{9E0538BF-B68A-463F-8067-4621AEB2363E}.Release|Any CPU.ActiveCfg = Release|Any CPU
		{9E0538BF-B68A-463F-8067-4621AEB2363E}.Release|Any CPU.Build.0 = Release|Any CPU
		{A56ABC74-157D-4BDA-A447-DDA1EEDAEA25}.Debug|Any CPU.ActiveCfg = Debug|Any CPU
		{A56ABC74-157D-4BDA-A447-DDA1EEDAEA25}.Debug|Any CPU.Build.0 = Debug|Any CPU
		{A56ABC74-157D-4BDA-A447-DDA1EEDAEA25}.Release|Any CPU.ActiveCfg = Release|Any CPU
		{A56ABC74-157D-4BDA-A447-DDA1EEDAEA25}.Release|Any CPU.Build.0 = Release|Any CPU
		{BB059E0A-6FF0-482C-BDC6-3970A56916C9}.Debug|Any CPU.ActiveCfg = Debug|Any CPU
		{BB059E0A-6FF0-482C-BDC6-3970A56916C9}.Debug|Any CPU.Build.0 = Debug|Any CPU
		{BB059E0A-6FF0-482C-BDC6-3970A56916C9}.Release|Any CPU.ActiveCfg = Release|Any CPU
		{BB059E0A-6FF0-482C-BDC6-3970A56916C9}.Release|Any CPU.Build.0 = Release|Any CPU
		{4A2E8F61-88B2-4DE5-A4B9-E0B929CEEEFA}.Debug|Any CPU.ActiveCfg = Debug|Any CPU
		{4A2E8F61-88B2-4DE5-A4B9-E0B929CEEEFA}.Debug|Any CPU.Build.0 = Debug|Any CPU
		{4A2E8F61-88B2-4DE5-A4B9-E0B929CEEEFA}.Release|Any CPU.ActiveCfg = Release|Any CPU
		{4A2E8F61-88B2-4DE5-A4B9-E0B929CEEEFA}.Release|Any CPU.Build.0 = Release|Any CPU
		{6FB5CD12-7D50-4C94-806C-6A2881C194F2}.Debug|Any CPU.ActiveCfg = Debug|Any CPU
		{6FB5CD12-7D50-4C94-806C-6A2881C194F2}.Debug|Any CPU.Build.0 = Debug|Any CPU
		{6FB5CD12-7D50-4C94-806C-6A2881C194F2}.Release|Any CPU.ActiveCfg = Release|Any CPU
		{6FB5CD12-7D50-4C94-806C-6A2881C194F2}.Release|Any CPU.Build.0 = Release|Any CPU
		{020F1454-9CE4-4A9A-BCA8-BC3F74307DDD}.Debug|Any CPU.ActiveCfg = Debug|Any CPU
		{020F1454-9CE4-4A9A-BCA8-BC3F74307DDD}.Debug|Any CPU.Build.0 = Debug|Any CPU
		{020F1454-9CE4-4A9A-BCA8-BC3F74307DDD}.Release|Any CPU.ActiveCfg = Release|Any CPU
		{020F1454-9CE4-4A9A-BCA8-BC3F74307DDD}.Release|Any CPU.Build.0 = Release|Any CPU
		{96055562-AE1E-475D-B7E3-0501251D0F6D}.Debug|Any CPU.ActiveCfg = Debug|Any CPU
		{96055562-AE1E-475D-B7E3-0501251D0F6D}.Debug|Any CPU.Build.0 = Debug|Any CPU
		{96055562-AE1E-475D-B7E3-0501251D0F6D}.Release|Any CPU.ActiveCfg = Release|Any CPU
		{96055562-AE1E-475D-B7E3-0501251D0F6D}.Release|Any CPU.Build.0 = Release|Any CPU
		{821787D2-46C0-49B4-864B-34CC253F4ECE}.Debug|Any CPU.ActiveCfg = Debug|Any CPU
		{821787D2-46C0-49B4-864B-34CC253F4ECE}.Debug|Any CPU.Build.0 = Debug|Any CPU
		{821787D2-46C0-49B4-864B-34CC253F4ECE}.Release|Any CPU.ActiveCfg = Release|Any CPU
		{821787D2-46C0-49B4-864B-34CC253F4ECE}.Release|Any CPU.Build.0 = Release|Any CPU
		{4414AA84-0B38-445F-929C-C84BBEF7AEAE}.Debug|Any CPU.ActiveCfg = Debug|Any CPU
		{4414AA84-0B38-445F-929C-C84BBEF7AEAE}.Debug|Any CPU.Build.0 = Debug|Any CPU
		{4414AA84-0B38-445F-929C-C84BBEF7AEAE}.Release|Any CPU.ActiveCfg = Release|Any CPU
		{4414AA84-0B38-445F-929C-C84BBEF7AEAE}.Release|Any CPU.Build.0 = Release|Any CPU
	EndGlobalSection
	GlobalSection(SolutionProperties) = preSolution
		HideSolutionNode = FALSE
	EndGlobalSection
	GlobalSection(NestedProjects) = preSolution
		{BB059E0A-6FF0-482C-BDC6-3970A56916C9} = {708D21DA-BEB2-441B-9A9D-0852FD9BF030}
		{4A2E8F61-88B2-4DE5-A4B9-E0B929CEEEFA} = {708D21DA-BEB2-441B-9A9D-0852FD9BF030}
	EndGlobalSection
	GlobalSection(MonoDevelopProperties) = preSolution
		Policies = $0
		$0.DotNetNamingPolicy = $1
		$1.DirectoryNamespaceAssociation = PrefixedHierarchical
		$1.ResourceNamePolicy = FileFormatDefault
		$0.TextStylePolicy = $5
		$2.inheritsSet = null
		$2.scope = text/x-csharp
		$0.CSharpFormattingPolicy = $3
		$3.IndentSwitchBody = True
		$3.AnonymousMethodBraceStyle = NextLine
		$3.PropertyBraceStyle = NextLine
		$3.PropertyGetBraceStyle = NextLine
		$3.PropertySetBraceStyle = NextLine
		$3.EventBraceStyle = NextLine
		$3.EventAddBraceStyle = NextLine
		$3.EventRemoveBraceStyle = NextLine
		$3.StatementBraceStyle = NextLine
		$3.ElseNewLinePlacement = NewLine
		$3.CatchNewLinePlacement = NewLine
		$3.FinallyNewLinePlacement = NewLine
		$3.WhileNewLinePlacement = DoNotCare
		$3.EmbeddedStatementPlacement = SameLine
		$3.ArrayInitializerWrapping = DoNotChange
		$3.ArrayInitializerBraceStyle = NextLine
		$3.BeforeMethodDeclarationParentheses = False
		$3.BeforeMethodCallParentheses = False
		$3.BeforeConstructorDeclarationParentheses = False
		$3.NewLineBeforeConstructorInitializerColon = NewLine
		$3.NewLineAfterConstructorInitializerColon = SameLine
		$3.BeforeIndexerDeclarationBracket = False
		$3.BeforeDelegateDeclarationParentheses = False
		$3.AfterDelegateDeclarationParameterComma = True
		$3.NewParentheses = False
		$3.SpacesBeforeBrackets = False
		$3.AlignToFirstMethodDeclarationParameter = False
		$3.inheritsSet = Mono
		$3.inheritsScope = text/x-csharp
		$3.scope = text/x-csharp
		$4.FileWidth = 120
		$4.TabsToSpaces = False
		$4.EolMarker = Unix
		$4.inheritsSet = VisualStudio
		$4.inheritsScope = text/plain
		$4.scope = text/plain
		$5.inheritsSet = null
		$5.scope = text/x-fsharp
		$0.FSharpFormattingPolicy = $6
		$6.DefaultFormat = $7
		$7.IndentOnTryWith = False
		$7.ReorderOpenDeclaration = False
		$7.SpaceAfterComma = True
		$7.SpaceAfterSemicolon = True
		$7.SpaceAroundDelimiter = True
		$7.SpaceBeforeArgument = True
		$7.SpaceBeforeColon = True
		$6.scope = text/x-fsharp
	EndGlobalSection
EndGlobal
